{
  "nodes": {
    "nixos-hardware": {
      "locked": {
        "lastModified": 1733481457,
        "narHash": "sha256-IS3bxa4N1VMSh3/P6vhEAHQZecQ3oAlKCDvzCQSO5Is=",
        "owner": "nixos",
        "repo": "nixos-hardware",
        "rev": "e563803af3526852b6b1d77107a81908c66a9fcf",
        "type": "github"
      },
      "original": {
        "owner": "nixos",
        "repo": "nixos-hardware",
        "type": "github"
      }
    },
    "nixpkgs": {
      "locked": {
        "lastModified": 1733730953,
        "narHash": "sha256-dlK7n82FEyZlHH7BFHQAM5tua+lQO1Iv7aAtglc1O5s=",
        "owner": "nixos",
        "repo": "nixpkgs",
        "rev": "7109b680d161993918b0a126f38bc39763e5a709",
        "type": "github"
      },
      "original": {
        "owner": "nixos",
        "ref": "nixos-24.05",
        "repo": "nixpkgs",
        "type": "github"
      }
    },
    "nixpkgs-unstable": {
      "locked": {
        "lastModified": 1733581040,
        "narHash": "sha256-Qn3nPMSopRQJgmvHzVqPcE3I03zJyl8cSbgnnltfFDY=",
        "owner": "nixos",
        "repo": "nixpkgs",
        "rev": "22c3f2cf41a0e70184334a958e6b124fb0ce3e01",
        "type": "github"
      },
      "original": {
        "owner": "nixos",
        "ref": "nixos-unstable",
        "repo": "nixpkgs",
        "type": "github"
      }
    },
    "root": {
      "inputs": {
        "nixos-hardware": "nixos-hardware",
        "nixpkgs": "nixpkgs",
        "nixpkgs-unstable": "nixpkgs-unstable"
      }
    }
  },
  "root": "root",
  "version": 7
}
